
Microsoft Visual Studio Solution File, Format Version 12.00
# Visual Studio Version 17
VisualStudioVersion = 17.4.33213.308
MinimumVisualStudioVersion = 10.0.40219.1
Project("{FAE04EC0-301F-11D3-BF4B-00C04F79EFBC}") = "FirstMVC", "FirstMVC\FirstMVC.csproj", "{D6D32BDB-0BBB-432D-BAE6-0F6A08AF8DC6}"
EndProject
Global
	GlobalSection(SolutionConfigurationPlatforms) = preSolution
		Debug|Any CPU = Debug|Any CPU
		Release|Any CPU = Release|Any CPU
	EndGlobalSection
	GlobalSection(ProjectConfigurationPlatforms) = postSolution
		{D6D32BDB-0BBB-432D-BAE6-0F6A08AF8DC6}.Debug|Any CPU.ActiveCfg = Debug|Any CPU
		{D6D32BDB-0BBB-432D-BAE6-0F6A08AF8DC6}.Debug|Any CPU.Build.0 = Debug|Any CPU
		{D6D32BDB-0BBB-432D-BAE6-0F6A08AF8DC6}.Release|Any CPU.ActiveCfg = Release|Any CPU
		{D6D32BDB-0BBB-432D-BAE6-0F6A08AF8DC6}.Release|Any CPU.Build.0 = Release|Any CPU
	EndGlobalSection
	GlobalSection(SolutionProperties) = preSolution
		HideSolutionNode = FALSE
	EndGlobalSection
	GlobalSection(ExtensibilityGlobals) = postSolution
		SolutionGuid = {72CB033E-5979-47CB-AB3A-F86CD167FEF0}
	EndGlobalSection
EndGlobal
